
Microsoft Visual Studio Solution File, Format Version 12.00
# Visual Studio Version 16
VisualStudioVersion = 16.0.31702.278
MinimumVisualStudioVersion = 10.0.40219.1
Project("{FAE04EC0-301F-11D3-BF4B-00C04F79EFBC}") = "MVCSessionTagHelperViewComponent", "MVCSessionTagHelperViewComponent\MVCSessionTagHelperViewComponent.csproj", "{2605F4F2-12B9-4382-B422-CD95B029E705}"
EndProject
Global
	GlobalSection(SolutionConfigurationPlatforms) = preSolution
		Debug|Any CPU = Debug|Any CPU
		Release|Any CPU = Release|Any CPU
	EndGlobalSection
	GlobalSection(ProjectConfigurationPlatforms) = postSolution
		{2605F4F2-12B9-4382-B422-CD95B029E705}.Debug|Any CPU.ActiveCfg = Debug|Any CPU
		{2605F4F2-12B9-4382-B422-CD95B029E705}.Debug|Any CPU.Build.0 = Debug|Any CPU
		{2605F4F2-12B9-4382-B422-CD95B029E705}.Release|Any CPU.ActiveCfg = Release|Any CPU
		{2605F4F2-12B9-4382-B422-CD95B029E705}.Release|Any CPU.Build.0 = Release|Any CPU
	EndGlobalSection
	GlobalSection(SolutionProperties) = preSolution
		HideSolutionNode = FALSE
	EndGlobalSection
	GlobalSection(ExtensibilityGlobals) = postSolution
		SolutionGuid = {86CE75A7-5571-486A-A153-923EA2E471AE}
	EndGlobalSection
EndGlobal
